# This file is automatically @generated by Cargo.
# It is not intended for manual editing.
version = 3

[[package]]
name = "progress-observer"
version = "3.2.0"
source = "registry+https://github.com/rust-lang/crates.io-index"
checksum = "88de611b81856ab5b73819c9d155cdbc3701c4d1bbaf5d1caa71e0083f21822f"

[[package]]
name = "steiner"
version = "0.1.0"
dependencies = [
 "progress-observer",
]
